
Microsoft Visual Studio Solution File, Format Version 12.00
# Visual Studio Version 17
VisualStudioVersion = 17.10.35013.160
MinimumVisualStudioVersion = 10.0.40219.1
Project("{FAE04EC0-301F-11D3-BF4B-00C04F79EFBC}") = "HwaDualFactorAuth_Netv48", "HwaDualFactorAuth_Netv48.csproj", "{1AAD4CE2-2CC2-4C7B-AD74-F78601C119CB}"
EndProject
Global
	GlobalSection(SolutionConfigurationPlatforms) = preSolution
		Debug|Any CPU = Debug|Any CPU
		Release|Any CPU = Release|Any CPU
	EndGlobalSection
	GlobalSection(ProjectConfigurationPlatforms) = postSolution
		{1AAD4CE2-2CC2-4C7B-AD74-F78601C119CB}.Debug|Any CPU.ActiveCfg = Debug|Any CPU
		{1AAD4CE2-2CC2-4C7B-AD74-F78601C119CB}.Debug|Any CPU.Build.0 = Debug|Any CPU
		{1AAD4CE2-2CC2-4C7B-AD74-F78601C119CB}.Release|Any CPU.ActiveCfg = Release|Any CPU
		{1AAD4CE2-2CC2-4C7B-AD74-F78601C119CB}.Release|Any CPU.Build.0 = Release|Any CPU
	EndGlobalSection
	GlobalSection(SolutionProperties) = preSolution
		HideSolutionNode = FALSE
	EndGlobalSection
	GlobalSection(ExtensibilityGlobals) = postSolution
		SolutionGuid = {7AE01CBD-F930-48CD-B301-FBC9A299E8D5}
	EndGlobalSection
EndGlobal
